<?xml version="1.0" encoding="utf-8"?>
<Project ToolsVersion="4.0" xmlns="http://schemas.microsoft.com/developer/msbuild/2003">
  <ItemGroup>
    <Filter Include="Source Files">
      <UniqueIdentifier>{4FC737F1-C7A5-4376-A066-2A32D752A2FF}</UniqueIdentifier>
      <Extensions>cpp;c;cc;cxx;c++;cppm;ixx;def;odl;idl;hpj;bat;asm;asmx</Extensions>
    </Filter>
    <Filter Include="Header Files">
      <UniqueIdentifier>{93995380-89BD-4b04-88EB-625FBE52EBFB}</UniqueIdentifier>
      <Extensions>h;hh;hpp;hxx;h++;hm;inl;inc;ipp;xsd</Extensions>
    </Filter>
    <Filter Include="Resource Files">
      <UniqueIdentifier>{67DA6AB6-F800-4c08-8B7A-83BB121AAD01}</UniqueIdentifier>
      <Extensions>rc;ico;cur;bmp;dlg;rc2;rct;bin;rgs;gif;jpg;jpeg;jpe;resx;tiff;tif;png;wav;mfcribbon-ms</Extensions>
    </Filter>
  </ItemGroup>
  <ItemGroup>
    <ClCompile Include="Battleships.cpp">
      <Filter>Source Files</Filter>
    </ClCompile>
    <ClCompile Include="UI\Main_Menu.cpp">
      <Filter>Source Files</Filter>
    </ClCompile>
    <ClCompile Include="GameManager\GameSystem.cpp">
      <Filter>Source Files</Filter>
    </ClCompile>
    <ClCompile Include="UI\Grid.cpp">
      <Filter>Source Files</Filter>
    </ClCompile>
    <ClCompile Include="UI\Options.cpp">
      <Filter>Source Files</Filter>
    </ClCompile>
    <ClCompile Include="Characters\Character.cpp">
      <Filter>Source Files</Filter>
    </ClCompile>
    <ClCompile Include="Characters\Player.cpp">
      <Filter>Source Files</Filter>
    </ClCompile>
    <ClCompile Include="Characters\Computer.cpp">
      <Filter>Source Files</Filter>
    </ClCompile>
    <ClCompile Include="Ships\Ship.cpp">
      <Filter>Source Files</Filter>
    </ClCompile>
    <ClCompile Include="Ships\Carrier.cpp">
      <Filter>Source Files</Filter>
    </ClCompile>
    <ClCompile Include="Ships\Battleship.cpp">
      <Filter>Source Files</Filter>
    </ClCompile>
    <ClCompile Include="Ships\Cruiser.cpp">
      <Filter>Source Files</Filter>
    </ClCompile>
    <ClCompile Include="Ships\Submarine.cpp">
      <Filter>Source Files</Filter>
    </ClCompile>
    <ClCompile Include="Ships\Warship.cpp">
      <Filter>Source Files</Filter>
    </ClCompile>
  </ItemGroup>
  <ItemGroup>
    <ClInclude Include="UI\Main_Menu.h">
      <Filter>Header Files</Filter>
    </ClInclude>
    <ClInclude Include="DEFS.h">
      <Filter>Header Files</Filter>
    </ClInclude>
    <ClInclude Include="GameManager\GameSystem.h">
      <Filter>Header Files</Filter>
    </ClInclude>
    <ClInclude Include="UI\Grid.h">
      <Filter>Header Files</Filter>
    </ClInclude>
    <ClInclude Include="UI\Options.h">
      <Filter>Header Files</Filter>
    </ClInclude>
    <ClInclude Include="Characters\Character.h">
      <Filter>Header Files</Filter>
    </ClInclude>
    <ClInclude Include="Characters\Player.h">
      <Filter>Header Files</Filter>
    </ClInclude>
    <ClInclude Include="Characters\Computer.h">
      <Filter>Header Files</Filter>
    </ClInclude>
    <ClInclude Include="Ships\Ship.h">
      <Filter>Header Files</Filter>
    </ClInclude>
    <ClInclude Include="Ships\Carrier.h">
      <Filter>Header Files</Filter>
    </ClInclude>
    <ClInclude Include="Ships\Battleship.h">
      <Filter>Header Files</Filter>
    </ClInclude>
    <ClInclude Include="Ships\Cruiser.h">
      <Filter>Header Files</Filter>
    </ClInclude>
    <ClInclude Include="Ships\Submarine.h">
      <Filter>Header Files</Filter>
    </ClInclude>
    <ClInclude Include="Ships\Warship.h">
      <Filter>Header Files</Filter>
    </ClInclude>
  </ItemGroup>
</Project>